
Microsoft Visual Studio Solution File, Format Version 12.00
# Visual Studio 15
VisualStudioVersion = 15.0.28307.539
MinimumVisualStudioVersion = 10.0.40219.1
Project("{FAE04EC0-301F-11D3-BF4B-00C04F79EFBC}") = "Denti_CRM", "Denti_CRM\Denti_CRM.csproj", "{BDA9F11C-1D15-4B52-91F0-5DB11E5491D7}"
EndProject
Global
	GlobalSection(SolutionConfigurationPlatforms) = preSolution
		Debug|Any CPU = Debug|Any CPU
		Release|Any CPU = Release|Any CPU
	EndGlobalSection
	GlobalSection(ProjectConfigurationPlatforms) = postSolution
		{BDA9F11C-1D15-4B52-91F0-5DB11E5491D7}.Debug|Any CPU.ActiveCfg = Debug|Any CPU
		{BDA9F11C-1D15-4B52-91F0-5DB11E5491D7}.Debug|Any CPU.Build.0 = Debug|Any CPU
		{BDA9F11C-1D15-4B52-91F0-5DB11E5491D7}.Release|Any CPU.ActiveCfg = Release|Any CPU
		{BDA9F11C-1D15-4B52-91F0-5DB11E5491D7}.Release|Any CPU.Build.0 = Release|Any CPU
	EndGlobalSection
	GlobalSection(SolutionProperties) = preSolution
		HideSolutionNode = FALSE
	EndGlobalSection
	GlobalSection(ExtensibilityGlobals) = postSolution
		SolutionGuid = {EBF9141C-1A6C-4F63-A1FE-8727783D662E}
	EndGlobalSection
EndGlobal
